
Microsoft Visual Studio Solution File, Format Version 12.00
# Visual Studio Version 17
VisualStudioVersion = 17.13.35818.85 d17.13
MinimumVisualStudioVersion = 10.0.40219.1
Project("{FAE04EC0-301F-11D3-BF4B-00C04F79EFBC}") = "DogApi", "DogApi\DogApi.csproj", "{B7DFEDF7-F4AC-41AC-ABD5-0D26BAF38A99}"
EndProject
Global
	GlobalSection(SolutionConfigurationPlatforms) = preSolution
		Debug|Any CPU = Debug|Any CPU
		Release|Any CPU = Release|Any CPU
	EndGlobalSection
	GlobalSection(ProjectConfigurationPlatforms) = postSolution
		{B7DFEDF7-F4AC-41AC-ABD5-0D26BAF38A99}.Debug|Any CPU.ActiveCfg = Debug|Any CPU
		{B7DFEDF7-F4AC-41AC-ABD5-0D26BAF38A99}.Debug|Any CPU.Build.0 = Debug|Any CPU
		{B7DFEDF7-F4AC-41AC-ABD5-0D26BAF38A99}.Release|Any CPU.ActiveCfg = Release|Any CPU
		{B7DFEDF7-F4AC-41AC-ABD5-0D26BAF38A99}.Release|Any CPU.Build.0 = Release|Any CPU
	EndGlobalSection
	GlobalSection(SolutionProperties) = preSolution
		HideSolutionNode = FALSE
	EndGlobalSection
	GlobalSection(ExtensibilityGlobals) = postSolution
		SolutionGuid = {AA5105EE-35D3-4596-B058-4FC7F124167F}
	EndGlobalSection
EndGlobal
